
Microsoft Visual Studio Solution File, Format Version 12.00
# Visual Studio Version 17
VisualStudioVersion = 17.0.31912.275
MinimumVisualStudioVersion = 10.0.40219.1
Project("{9A19103F-16F7-4668-BE54-9A1E7A4F7556}") = "myflix ASP.NET Core", "myflix ASP.NET Core\myflix ASP.NET Core.csproj", "{84C3E2A4-27C7-419D-8EC8-98C21568408F}"
EndProject
Project("{9A19103F-16F7-4668-BE54-9A1E7A4F7556}") = "DataAccess", "DataAccess\DataAccess.csproj", "{FF642CA3-C985-4006-9FB9-A4163DB04D88}"
EndProject
Project("{FAE04EC0-301F-11D3-BF4B-00C04F79EFBC}") = "BusinessLogic", "BusinessLogic\BusinessLogic.csproj", "{6607D4CF-B4E9-43D7-855A-22AA4667749E}"
EndProject
Global
	GlobalSection(SolutionConfigurationPlatforms) = preSolution
		Debug|Any CPU = Debug|Any CPU
		Release|Any CPU = Release|Any CPU
	EndGlobalSection
	GlobalSection(ProjectConfigurationPlatforms) = postSolution
		{84C3E2A4-27C7-419D-8EC8-98C21568408F}.Debug|Any CPU.ActiveCfg = Debug|Any CPU
		{84C3E2A4-27C7-419D-8EC8-98C21568408F}.Debug|Any CPU.Build.0 = Debug|Any CPU
		{84C3E2A4-27C7-419D-8EC8-98C21568408F}.Release|Any CPU.ActiveCfg = Release|Any CPU
		{84C3E2A4-27C7-419D-8EC8-98C21568408F}.Release|Any CPU.Build.0 = Release|Any CPU
		{FF642CA3-C985-4006-9FB9-A4163DB04D88}.Debug|Any CPU.ActiveCfg = Debug|Any CPU
		{FF642CA3-C985-4006-9FB9-A4163DB04D88}.Debug|Any CPU.Build.0 = Debug|Any CPU
		{FF642CA3-C985-4006-9FB9-A4163DB04D88}.Release|Any CPU.ActiveCfg = Release|Any CPU
		{FF642CA3-C985-4006-9FB9-A4163DB04D88}.Release|Any CPU.Build.0 = Release|Any CPU
		{6607D4CF-B4E9-43D7-855A-22AA4667749E}.Debug|Any CPU.ActiveCfg = Debug|Any CPU
		{6607D4CF-B4E9-43D7-855A-22AA4667749E}.Debug|Any CPU.Build.0 = Debug|Any CPU
		{6607D4CF-B4E9-43D7-855A-22AA4667749E}.Release|Any CPU.ActiveCfg = Release|Any CPU
		{6607D4CF-B4E9-43D7-855A-22AA4667749E}.Release|Any CPU.Build.0 = Release|Any CPU
	EndGlobalSection
	GlobalSection(SolutionProperties) = preSolution
		HideSolutionNode = FALSE
	EndGlobalSection
	GlobalSection(ExtensibilityGlobals) = postSolution
		SolutionGuid = {2BD6066C-7D50-4600-A3B9-5C547334E057}
	EndGlobalSection
EndGlobal
